
Microsoft Visual Studio Solution File, Format Version 12.00
# Visual Studio Version 17
VisualStudioVersion = 17.9.34414.90
MinimumVisualStudioVersion = 10.0.40219.1
Project("{FAE04EC0-301F-11D3-BF4B-00C04F79EFBC}") = "MockUp", "MockUp\MockUp.csproj", "{47CF6088-337D-4180-A27C-5FEBE204CEAC}"
EndProject
Global
	GlobalSection(SolutionConfigurationPlatforms) = preSolution
		Debug|Any CPU = Debug|Any CPU
		Release|Any CPU = Release|Any CPU
	EndGlobalSection
	GlobalSection(ProjectConfigurationPlatforms) = postSolution
		{47CF6088-337D-4180-A27C-5FEBE204CEAC}.Debug|Any CPU.ActiveCfg = Debug|Any CPU
		{47CF6088-337D-4180-A27C-5FEBE204CEAC}.Debug|Any CPU.Build.0 = Debug|Any CPU
		{47CF6088-337D-4180-A27C-5FEBE204CEAC}.Release|Any CPU.ActiveCfg = Release|Any CPU
		{47CF6088-337D-4180-A27C-5FEBE204CEAC}.Release|Any CPU.Build.0 = Release|Any CPU
	EndGlobalSection
	GlobalSection(SolutionProperties) = preSolution
		HideSolutionNode = FALSE
	EndGlobalSection
	GlobalSection(ExtensibilityGlobals) = postSolution
		SolutionGuid = {5B9B6E90-E54F-42E1-B545-85F6808C92CF}
	EndGlobalSection
EndGlobal
